// !$*UTF8*$!
{
	archiveVersion = 1;
	classes = {
	};
	objectVersion = 50;
	objects = {

/* Begin PBXBuildFile section */
		362BE82A24F83BA400101DCB /* AppDelegate.swift in Sources */ = {isa = PBXBuildFile; fileRef = 362BE82924F83BA400101DCB /* AppDelegate.swift */; };
		362BE82C24F83BA400101DCB /* SceneDelegate.swift in Sources */ = {isa = PBXBuildFile; fileRef = 362BE82B24F83BA400101DCB /* SceneDelegate.swift */; };
		362BE82E24F83BA400101DCB /* ViewController.swift in Sources */ = {isa = PBXBuildFile; fileRef = 362BE82D24F83BA400101DCB /* ViewController.swift */; };
		362BE83124F83BA400101DCB /* Main.storyboard in Resources */ = {isa = PBXBuildFile; fileRef = 362BE82F24F83BA400101DCB /* Main.storyboard */; };
		362BE83324F83BAC00101DCB /* Assets.xcassets in Resources */ = {isa = PBXBuildFile; fileRef = 362BE83224F83BAC00101DCB /* Assets.xcassets */; };
		362BE83624F83BAC00101DCB /* LaunchScreen.storyboard in Resources */ = {isa = PBXBuildFile; fileRef = 362BE83424F83BAC00101DCB /* LaunchScreen.storyboard */; };
/* End PBXBuildFile section */

/* Begin PBXFileReference section */
		362BE82624F83BA400101DCB /* Bee Fact.app */ = {isa = PBXFileReference; explicitFileType = wrapper.application; includeInIndex = 0; path = "Bee Fact.app"; sourceTree = BUILT_PRODUCTS_DIR; };
		362BE82924F83BA400101DCB /* AppDelegate.swift */ = {isa = PBXFileReference; lastKnownFileType = sourcecode.swift; path = AppDelegate.swift; sourceTree = "<group>"; };
		362BE82B24F83BA400101DCB /* SceneDelegate.swift */ = {isa = PBXFileReference; lastKnownFileType = sourcecode.swift; path = SceneDelegate.swift; sourceTree = "<group>"; };
		362BE82D24F83BA400101DCB /* ViewController.swift */ = {isa = PBXFileReference; lastKnownFileType = sourcecode.swift; path = ViewController.swift; sourceTree = "<group>"; };
		362BE83024F83BA400101DCB /* Base */ = {isa = PBXFileReference; lastKnownFileType = file.storyboard; name = Base; path = Base.lproj/Main.storyboard; sourceTree = "<group>"; };
		362BE83224F83BAC00101DCB /* Assets.xcassets */ = {isa = PBXFileReference; lastKnownFileType = folder.assetcatalog; path = Assets.xcassets; sourceTree = "<group>"; };
		362BE83524F83BAC00101DCB /* Base */ = {isa = PBXFileReference; lastKnownFileType = file.storyboard; name = Base; path = Base.lproj/LaunchScreen.storyboard; sourceTree = "<group>"; };
		362BE83724F83BAC00101DCB /* Info.plist */ = {isa = PBXFileReference; lastKnownFileType = text.plist.xml; path = Info.plist; sourceTree = "<group>"; };
/* End PBXFileReference section */

/* Begin PBXFrameworksBuildPhase section */
		362BE82324F83BA400101DCB /* Frameworks */ = {
			isa = PBXFrameworksBuildPhase;
			buildActionMask = 2147483647;
			files = (
			);
			runOnlyForDeploymentPostprocessing = 0;
		};
/* End PBXFrameworksBuildPhase section */

/* Begin PBXGroup section */
		362BE81D24F83BA400101DCB = {
			isa = PBXGroup;
			children = (
				362BE82824F83BA400101DCB /* Bee Fact */,
				362BE82724F83BA400101DCB /* Products */,
			);
			sourceTree = "<group>";
		};
		362BE82724F83BA400101DCB /* Products */ = {
			isa = PBXGroup;
			children = (
				362BE82624F83BA400101DCB /* Bee Fact.app */,
			);
			name = Products;
			sourceTree = "<group>";
		};
		362BE82824F83BA400101DCB /* Bee Fact */ = {
			isa = PBXGroup;
			children = (
				362BE82924F83BA400101DCB /* AppDelegate.swift */,
				362BE82B24F83BA400101DCB /* SceneDelegate.swift */,
				362BE82D24F83BA400101DCB /* ViewController.swift */,
				362BE82F24F83BA400101DCB /* Main.storyboard */,
				362BE83224F83BAC00101DCB /* Assets.xcassets */,
				362BE83424F83BAC00101DCB /* LaunchScreen.storyboard */,
				362BE83724F83BAC00101DCB /* Info.plist */,
			);
			path = "Bee Fact";
			sourceTree = "<group>";
		};
/* End PBXGroup section */

/* Begin PBXNativeTarget section */
		362BE82524F83BA400101DCB /* Bee Fact */ = {
			isa = PBXNativeTarget;
			buildConfigurationList = 362BE83A24F83BAC00101DCB /* Build configuration list for PBXNativeTarget "Bee Fact" */;
			buildPhases = (
				362BE82224F83BA400101DCB /* Sources */,
				362BE82324F83BA400101DCB /* Frameworks */,
				362BE82424F83BA400101DCB /* Resources */,
			);
			buildRules = (
			);
			dependencies = (
			);
			name = "Bee Fact";
			productName = "Bee Fact";
			productReference = 362BE82624F83BA400101DCB /* Bee Fact.app */;
			productType = "com.apple.product-type.application";
		};
/* End PBXNativeTarget section */

/* Begin PBXProject section */
		362BE81E24F83BA400101DCB /* Project object */ = {
			isa = PBXProject;
			attributes = {
				LastSwiftUpdateCheck = 1150;
				LastUpgradeCheck = 1150;
				ORGANIZATIONNAME = "Sébastien Kothé";
				TargetAttributes = {
					362BE82524F83BA400101DCB = {
						CreatedOnToolsVersion = 11.5;
					};
				};
			};
			buildConfigurationList = 362BE82124F83BA400101DCB /* Build configuration list for PBXProject "Bee Fact" */;
			compatibilityVersion = "Xcode 9.3";
			developmentRegion = en;
			hasScannedForEncodings = 0;
			knownRegions = (
				en,
				Base,
			);
			mainGroup = 362BE81D24F83BA400101DCB;
			productRefGroup = 362BE82724F83BA400101DCB /* Products */;
			projectDirPath = "";
			projectRoot = "";
			targets = (
				362BE82524F83BA400101DCB /* Bee Fact */,
			);
		};
/* End PBXProject section */

/* Begin PBXResourcesBuildPhase section */
		362BE82424F83BA400101DCB /* Resources */ = {
			isa = PBXResourcesBuildPhase;
			buildActionMask = 2147483647;
			files = (
				362BE83624F83BAC00101DCB /* LaunchScreen.storyboard in Resources */,
				362BE83324F83BAC00101DCB /* Assets.xcassets in Resources */,
				362BE83124F83BA400101DCB /* Main.storyboard in Resources */,
			);
			runOnlyForDeploymentPostprocessing = 0;
		};
/* End PBXResourcesBuildPhase section */

/* Begin PBXSourcesBuildPhase section */
		362BE82224F83BA400101DCB /* Sources */ = {
			isa = PBXSourcesBuildPhase;
			buildActionMask = 2147483647;
			files = (
				362BE82E24F83BA400101DCB /* ViewController.swift in Sources */,
				362BE82A24F83BA400101DCB /* AppDelegate.swift in Sources */,
				362BE82C24F83BA400101DCB /* SceneDelegate.swift in Sources */,
			);
			runOnlyForDeploymentPostprocessing = 0;
		};
/* End PBXSourcesBuildPhase section */

/* Begin PBXVariantGroup section */
		362BE82F24F83BA400101DCB /* Main.storyboard */ = {
			isa = PBXVariantGroup;
			children = (
				362BE83024F83BA400101DCB /* Base */,
			);
			name = Main.storyboard;
			sourceTree = "<group>";
		};
		362BE83424F83BAC00101DCB /* LaunchScreen.storyboard */ = {
			isa = PBXVariantGroup;
			children = (
				362BE83524F83BAC00101DCB /* Base */,
			);
			name = LaunchScreen.storyboard;
			sourceTree = "<group>";
		};
/* End PBXVariantGroup section */

/* Begin XCBuildConfiguration section */
		362BE83824F83BAC00101DCB /* Debug */ = {
			isa = XCBuildConfiguration;
			buildSettings = {
				ALWAYS_SEARCH_USER_PATHS = NO;
				CLANG_ANALYZER_NONNULL = YES;
				CLANG_ANALYZER_NUMBER_OBJECT_CONVERSION = YES_AGGRESSIVE;
				CLANG_CXX_LANGUAGE_STANDARD = "gnu++14";
				CLANG_CXX_LIBRARY = "libc++";
				CLANG_ENABLE_MODULES = YES;
				CLANG_ENABLE_OBJC_ARC = YES;
				CLANG_ENABLE_OBJC_WEAK = YES;
				CLANG_WARN_BLOCK_CAPTURE_AUTORELEASING = YES;
				CLANG_WARN_BOOL_CONVERSION = YES;
				CLANG_WARN_COMMA = YES;
				CLANG_WARN_CONSTANT_CONVERSION = YES;
				CLANG_WARN_DEPRECATED_OBJC_IMPLEMENTATIONS = YES;
				CLANG_WARN_DIRECT_OBJC_ISA_USAGE = YES_ERROR;
				CLANG_WARN_DOCUMENTATION_COMMENTS = YES;
				CLANG_WARN_EMPTY_BODY = YES;
				CLANG_WARN_ENUM_CONVERSION = YES;
				CLANG_WARN_INFINITE_RECURSION = YES;
				CLANG_WARN_INT_CONVERSION = YES;
				CLANG_WARN_NON_LITERAL_NULL_CONVERSION = YES;
				CLANG_WARN_OBJC_IMPLICIT_RETAIN_SELF = YES;
				CLANG_WARN_OBJC_LITERAL_CONVERSION = YES;
				CLANG_WARN_OBJC_ROOT_CLASS = YES_ERROR;
				CLANG_WARN_RANGE_LOOP_ANALYSIS = YES;
				CLANG_WARN_STRICT_PROTOTYPES = YES;
				CLANG_WARN_SUSPICIOUS_MOVE = YES;
				CLANG_WARN_UNGUARDED_AVAILABILITY = YES_AGGRESSIVE;
				CLANG_WARN_UNREACHABLE_CODE = YES;
				CLANG_WARN__DUPLICATE_METHOD_MATCH = YES;
				COPY_PHASE_STRIP = NO;
				DEBUG_INFORMATION_FORMAT = dwarf;
				ENABLE_STRICT_OBJC_MSGSEND = YES;
				ENABLE_TESTABILITY = YES;
				GCC_C_LANGUAGE_STANDARD = gnu11;
				GCC_DYNAMIC_NO_PIC = NO;
				GCC_NO_COMMON_BLOCKS = YES;
				GCC_OPTIMIZATION_LEVEL = 0;
				GCC_PREPROCESSOR_DEFINITIONS = (
					"DEBUG=1",
					"$(inherited)",
				);
				GCC_WARN_64_TO_32_BIT_CONVERSION = YES;
				GCC_WARN_ABOUT_RETURN_TYPE = YES_ERROR;
				GCC_WARN_UNDECLARED_SELECTOR = YES;
				GCC_WARN_UNINITIALIZED_AUTOS = YES_AGGRESSIVE;
				GCC_WARN_UNUSED_FUNCTION = YES;
				GCC_WARN_UNUSED_VARIABLE = YES;
				IPHONEOS_DEPLOYMENT_TARGET = 13.5;
				MTL_ENABLE_DEBUG_INFO = INCLUDE_SOURCE;
				MTL_FAST_MATH = YES;
				ONLY_ACTIVE_ARCH = YES;
				SDKROOT = iphoneos;
				SWIFT_ACTIVE_COMPILATION_CONDITIONS = DEBUG;
				SWIFT_OPTIMIZATION_LEVEL = "-Onone";
			};
			name = Debug;
		};
		362BE83924F83BAC00101DCB /* Release */ = {
			isa = XCBuildConfiguration;
			buildSettings = {
				ALWAYS_SEARCH_USER_PATHS = NO;
				CLANG_ANALYZER_NONNULL = YES;
				CLANG_ANALYZER_NUMBER_OBJECT_CONVERSION = YES_AGGRESSIVE;
				CLANG_CXX_LANGUAGE_STANDARD = "gnu++14";
				CLANG_CXX_LIBRARY = "libc++";
				CLANG_ENABLE_MODULES = YES;
				CLANG_ENABLE_OBJC_ARC = YES;
				CLANG_ENABLE_OBJC_WEAK = YES;
				CLANG_WARN_BLOCK_CAPTURE_AUTORELEASING = YES;
				CLANG_WARN_BOOL_CONVERSION = YES;
				CLANG_WARN_COMMA = YES;
				CLANG_WARN_CONSTANT_CONVERSION = YES;
				CLANG_WARN_DEPRECATED_OBJC_IMPLEMENTATIONS = YES;
				CLANG_WARN_DIRECT_OBJC_ISA_USAGE = YES_ERROR;
				CLANG_WARN_DOCUMENTATION_COMMENTS = YES;
				CLANG_WARN_EMPTY_BODY = YES;
				CLANG_WARN_ENUM_CONVERSION = YES;
				CLANG_WARN_INFINITE_RECURSION = YES;
				CLANG_WARN_INT_CONVERSION = YES;
				CLANG_WARN_NON_LITERAL_NULL_CONVERSION = YES;
				CLANG_WARN_OBJC_IMPLICIT_RETAIN_SELF = YES;
				CLANG_WARN_OBJC_LITERAL_CONVERSION = YES;
				CLANG_WARN_OBJC_ROOT_CLASS = YES_ERROR;
				CLANG_WARN_RANGE_LOOP_ANALYSIS = YES;
				CLANG_WARN_STRICT_PROTOTYPES = YES;
				CLANG_WARN_SUSPICIOUS_MOVE = YES;
				CLANG_WARN_UNGUARDED_AVAILABILITY = YES_AGGRESSIVE;
				CLANG_WARN_UNREACHABLE_CODE = YES;
				CLANG_WARN__DUPLICATE_METHOD_MATCH = YES;
				COPY_PHASE_STRIP = NO;
				DEBUG_INFORMATION_FORMAT = "dwarf-with-dsym";
				ENABLE_NS_ASSERTIONS = NO;
				ENABLE_STRICT_OBJC_MSGSEND = YES;
				GCC_C_LANGUAGE_STANDARD = gnu11;
				GCC_NO_COMMON_BLOCKS = YES;
				GCC_WARN_64_TO_32_BIT_CONVERSION = YES;
				GCC_WARN_ABOUT_RETURN_TYPE = YES_ERROR;
				GCC_WARN_UNDECLARED_SELECTOR = YES;
				GCC_WARN_UNINITIALIZED_AUTOS = YES_AGGRESSIVE;
				GCC_WARN_UNUSED_FUNCTION = YES;
				GCC_WARN_UNUSED_VARIABLE = YES;
				IPHONEOS_DEPLOYMENT_TARGET = 13.5;
				MTL_ENABLE_DEBUG_INFO = NO;
				MTL_FAST_MATH = YES;
				SDKROOT = iphoneos;
				SWIFT_COMPILATION_MODE = wholemodule;
				SWIFT_OPTIMIZATION_LEVEL = "-O";
				VALIDATE_PRODUCT = YES;
			};
			name = Release;
		};
		362BE83B24F83BAC00101DCB /* Debug */ = {
			isa = XCBuildConfiguration;
			buildSettings = {
				ASSETCATALOG_COMPILER_APPICON_NAME = AppIcon;
				CODE_SIGN_STYLE = Automatic;
				DEVELOPMENT_TEAM = 3CQSNJZ5Q2;
				INFOPLIST_FILE = "Bee Fact/Info.plist";
				LD_RUNPATH_SEARCH_PATHS = (
					"$(inherited)",
					"@executable_path/Frameworks",
				);
				PRODUCT_BUNDLE_IDENTIFIER = "fr.sebastienkothe.Bee-Fact";
				PRODUCT_NAME = "$(TARGET_NAME)";
				SWIFT_VERSION = 5.0;
				TARGETED_DEVICE_FAMILY = "1,2";
			};
			name = Debug;
		};
		362BE83C24F83BAC00101DCB /* Release */ = {
			isa = XCBuildConfiguration;
			buildSettings = {
				ASSETCATALOG_COMPILER_APPICON_NAME = AppIcon;
				CODE_SIGN_STYLE = Automatic;
				DEVELOPMENT_TEAM = 3CQSNJZ5Q2;
				INFOPLIST_FILE = "Bee Fact/Info.plist";
				LD_RUNPATH_SEARCH_PATHS = (
					"$(inherited)",
					"@executable_path/Frameworks",
				);
				PRODUCT_BUNDLE_IDENTIFIER = "fr.sebastienkothe.Bee-Fact";
				PRODUCT_NAME = "$(TARGET_NAME)";
				SWIFT_VERSION = 5.0;
				TARGETED_DEVICE_FAMILY = "1,2";
			};
			name = Release;
		};
/* End XCBuildConfiguration section */

/* Begin XCConfigurationList section */
		362BE82124F83BA400101DCB /* Build configuration list for PBXProject "Bee Fact" */ = {
			isa = XCConfigurationList;
			buildConfigurations = (
				362BE83824F83BAC00101DCB /* Debug */,
				362BE83924F83BAC00101DCB /* Release */,
			);
			defaultConfigurationIsVisible = 0;
			defaultConfigurationName = Release;
		};
		362BE83A24F83BAC00101DCB /* Build configuration list for PBXNativeTarget "Bee Fact" */ = {
			isa = XCConfigurationList;
			buildConfigurations = (
				362BE83B24F83BAC00101DCB /* Debug */,
				362BE83C24F83BAC00101DCB /* Release */,
			);
			defaultConfigurationIsVisible = 0;
			defaultConfigurationName = Release;
		};
/* End XCConfigurationList section */
	};
	rootObject = 362BE81E24F83BA400101DCB /* Project object */;
}
